// !$*UTF8*$!
{
	archiveVersion = 1;
	classes = {
	};
	objectVersion = 50;
	objects = {

/* Begin PBXBuildFile section */
		5E9B212322F9E436003BF8AF /* AppDelegate.swift in Sources */ = {isa = PBXBuildFile; fileRef = 5E9B212222F9E436003BF8AF /* AppDelegate.swift */; };
		5E9B212522F9E436003BF8AF /* ViewController.swift in Sources */ = {isa = PBXBuildFile; fileRef = 5E9B212422F9E436003BF8AF /* ViewController.swift */; };
		5E9B212822F9E436003BF8AF /* Main.storyboard in Resources */ = {isa = PBXBuildFile; fileRef = 5E9B212622F9E436003BF8AF /* Main.storyboard */; };
		5E9B212A22F9E437003BF8AF /* Assets.xcassets in Resources */ = {isa = PBXBuildFile; fileRef = 5E9B212922F9E437003BF8AF /* Assets.xcassets */; };
		5E9B212D22F9E437003BF8AF /* LaunchScreen.storyboard in Resources */ = {isa = PBXBuildFile; fileRef = 5E9B212B22F9E437003BF8AF /* LaunchScreen.storyboard */; };
		5E9B213822F9E437003BF8AF /* whats_the_weatherTests.swift in Sources */ = {isa = PBXBuildFile; fileRef = 5E9B213722F9E437003BF8AF /* whats_the_weatherTests.swift */; };
		5E9B214322F9E437003BF8AF /* whats_the_weatherUITests.swift in Sources */ = {isa = PBXBuildFile; fileRef = 5E9B214222F9E437003BF8AF /* whats_the_weatherUITests.swift */; };
		5E9B215122F9E517003BF8AF /* background.jpg in Resources */ = {isa = PBXBuildFile; fileRef = 5E9B215022F9E516003BF8AF /* background.jpg */; };
/* End PBXBuildFile section */

/* Begin PBXContainerItemProxy section */
		5E9B213422F9E437003BF8AF /* PBXContainerItemProxy */ = {
			isa = PBXContainerItemProxy;
			containerPortal = 5E9B211722F9E436003BF8AF /* Project object */;
			proxyType = 1;
			remoteGlobalIDString = 5E9B211E22F9E436003BF8AF;
			remoteInfo = "whats-the-weather";
		};
		5E9B213F22F9E437003BF8AF /* PBXContainerItemProxy */ = {
			isa = PBXContainerItemProxy;
			containerPortal = 5E9B211722F9E436003BF8AF /* Project object */;
			proxyType = 1;
			remoteGlobalIDString = 5E9B211E22F9E436003BF8AF;
			remoteInfo = "whats-the-weather";
		};
/* End PBXContainerItemProxy section */

/* Begin PBXFileReference section */
		5E9B211F22F9E436003BF8AF /* whats-the-weather.app */ = {isa = PBXFileReference; explicitFileType = wrapper.application; includeInIndex = 0; path = "whats-the-weather.app"; sourceTree = BUILT_PRODUCTS_DIR; };
		5E9B212222F9E436003BF8AF /* AppDelegate.swift */ = {isa = PBXFileReference; lastKnownFileType = sourcecode.swift; path = AppDelegate.swift; sourceTree = "<group>"; };
		5E9B212422F9E436003BF8AF /* ViewController.swift */ = {isa = PBXFileReference; lastKnownFileType = sourcecode.swift; path = ViewController.swift; sourceTree = "<group>"; };
		5E9B212722F9E436003BF8AF /* Base */ = {isa = PBXFileReference; lastKnownFileType = file.storyboard; name = Base; path = Base.lproj/Main.storyboard; sourceTree = "<group>"; };
		5E9B212922F9E437003BF8AF /* Assets.xcassets */ = {isa = PBXFileReference; lastKnownFileType = folder.assetcatalog; path = Assets.xcassets; sourceTree = "<group>"; };
		5E9B212C22F9E437003BF8AF /* Base */ = {isa = PBXFileReference; lastKnownFileType = file.storyboard; name = Base; path = Base.lproj/LaunchScreen.storyboard; sourceTree = "<group>"; };
		5E9B212E22F9E437003BF8AF /* Info.plist */ = {isa = PBXFileReference; lastKnownFileType = text.plist.xml; path = Info.plist; sourceTree = "<group>"; };
		5E9B213322F9E437003BF8AF /* whats-the-weatherTests.xctest */ = {isa = PBXFileReference; explicitFileType = wrapper.cfbundle; includeInIndex = 0; path = "whats-the-weatherTests.xctest"; sourceTree = BUILT_PRODUCTS_DIR; };
		5E9B213722F9E437003BF8AF /* whats_the_weatherTests.swift */ = {isa = PBXFileReference; lastKnownFileType = sourcecode.swift; path = whats_the_weatherTests.swift; sourceTree = "<group>"; };
		5E9B213922F9E437003BF8AF /* Info.plist */ = {isa = PBXFileReference; lastKnownFileType = text.plist.xml; path = Info.plist; sourceTree = "<group>"; };
		5E9B213E22F9E437003BF8AF /* whats-the-weatherUITests.xctest */ = {isa = PBXFileReference; explicitFileType = wrapper.cfbundle; includeInIndex = 0; path = "whats-the-weatherUITests.xctest"; sourceTree = BUILT_PRODUCTS_DIR; };
		5E9B214222F9E437003BF8AF /* whats_the_weatherUITests.swift */ = {isa = PBXFileReference; lastKnownFileType = sourcecode.swift; path = whats_the_weatherUITests.swift; sourceTree = "<group>"; };
		5E9B214422F9E437003BF8AF /* Info.plist */ = {isa = PBXFileReference; lastKnownFileType = text.plist.xml; path = Info.plist; sourceTree = "<group>"; };
		5E9B215022F9E516003BF8AF /* background.jpg */ = {isa = PBXFileReference; lastKnownFileType = image.jpeg; path = background.jpg; sourceTree = "<group>"; };
/* End PBXFileReference section */

/* Begin PBXFrameworksBuildPhase section */
		5E9B211C22F9E436003BF8AF /* Frameworks */ = {
			isa = PBXFrameworksBuildPhase;
			buildActionMask = 2147483647;
			files = (
			);
			runOnlyForDeploymentPostprocessing = 0;
		};
		5E9B213022F9E437003BF8AF /* Frameworks */ = {
			isa = PBXFrameworksBuildPhase;
			buildActionMask = 2147483647;
			files = (
			);
			runOnlyForDeploymentPostprocessing = 0;
		};
		5E9B213B22F9E437003BF8AF /* Frameworks */ = {
			isa = PBXFrameworksBuildPhase;
			buildActionMask = 2147483647;
			files = (
			);
			runOnlyForDeploymentPostprocessing = 0;
		};
/* End PBXFrameworksBuildPhase section */

/* Begin PBXGroup section */
		5E9B211622F9E436003BF8AF = {
			isa = PBXGroup;
			children = (
				5E9B212122F9E436003BF8AF /* whats-the-weather */,
				5E9B213622F9E437003BF8AF /* whats-the-weatherTests */,
				5E9B214122F9E437003BF8AF /* whats-the-weatherUITests */,
				5E9B212022F9E436003BF8AF /* Products */,
			);
			sourceTree = "<group>";
		};
		5E9B212022F9E436003BF8AF /* Products */ = {
			isa = PBXGroup;
			children = (
				5E9B211F22F9E436003BF8AF /* whats-the-weather.app */,
				5E9B213322F9E437003BF8AF /* whats-the-weatherTests.xctest */,
				5E9B213E22F9E437003BF8AF /* whats-the-weatherUITests.xctest */,
			);
			name = Products;
			sourceTree = "<group>";
		};
		5E9B212122F9E436003BF8AF /* whats-the-weather */ = {
			isa = PBXGroup;
			children = (
				5E9B212222F9E436003BF8AF /* AppDelegate.swift */,
				5E9B212422F9E436003BF8AF /* ViewController.swift */,
				5E9B212622F9E436003BF8AF /* Main.storyboard */,
				5E9B215022F9E516003BF8AF /* background.jpg */,
				5E9B212922F9E437003BF8AF /* Assets.xcassets */,
				5E9B212B22F9E437003BF8AF /* LaunchScreen.storyboard */,
				5E9B212E22F9E437003BF8AF /* Info.plist */,
			);
			path = "whats-the-weather";
			sourceTree = "<group>";
		};
		5E9B213622F9E437003BF8AF /* whats-the-weatherTests */ = {
			isa = PBXGroup;
			children = (
				5E9B213722F9E437003BF8AF /* whats_the_weatherTests.swift */,
				5E9B213922F9E437003BF8AF /* Info.plist */,
			);
			path = "whats-the-weatherTests";
			sourceTree = "<group>";
		};
		5E9B214122F9E437003BF8AF /* whats-the-weatherUITests */ = {
			isa = PBXGroup;
			children = (
				5E9B214222F9E437003BF8AF /* whats_the_weatherUITests.swift */,
				5E9B214422F9E437003BF8AF /* Info.plist */,
			);
			path = "whats-the-weatherUITests";
			sourceTree = "<group>";
		};
/* End PBXGroup section */

/* Begin PBXNativeTarget section */
		5E9B211E22F9E436003BF8AF /* whats-the-weather */ = {
			isa = PBXNativeTarget;
			buildConfigurationList = 5E9B214722F9E437003BF8AF /* Build configuration list for PBXNativeTarget "whats-the-weather" */;
			buildPhases = (
				5E9B211B22F9E436003BF8AF /* Sources */,
				5E9B211C22F9E436003BF8AF /* Frameworks */,
				5E9B211D22F9E436003BF8AF /* Resources */,
			);
			buildRules = (
			);
			dependencies = (
			);
			name = "whats-the-weather";
			productName = "whats-the-weather";
			productReference = 5E9B211F22F9E436003BF8AF /* whats-the-weather.app */;
			productType = "com.apple.product-type.application";
		};
		5E9B213222F9E437003BF8AF /* whats-the-weatherTests */ = {
			isa = PBXNativeTarget;
			buildConfigurationList = 5E9B214A22F9E437003BF8AF /* Build configuration list for PBXNativeTarget "whats-the-weatherTests" */;
			buildPhases = (
				5E9B212F22F9E437003BF8AF /* Sources */,
				5E9B213022F9E437003BF8AF /* Frameworks */,
				5E9B213122F9E437003BF8AF /* Resources */,
			);
			buildRules = (
			);
			dependencies = (
				5E9B213522F9E437003BF8AF /* PBXTargetDependency */,
			);
			name = "whats-the-weatherTests";
			productName = "whats-the-weatherTests";
			productReference = 5E9B213322F9E437003BF8AF /* whats-the-weatherTests.xctest */;
			productType = "com.apple.product-type.bundle.unit-test";
		};
		5E9B213D22F9E437003BF8AF /* whats-the-weatherUITests */ = {
			isa = PBXNativeTarget;
			buildConfigurationList = 5E9B214D22F9E437003BF8AF /* Build configuration list for PBXNativeTarget "whats-the-weatherUITests" */;
			buildPhases = (
				5E9B213A22F9E437003BF8AF /* Sources */,
				5E9B213B22F9E437003BF8AF /* Frameworks */,
				5E9B213C22F9E437003BF8AF /* Resources */,
			);
			buildRules = (
			);
			dependencies = (
				5E9B214022F9E437003BF8AF /* PBXTargetDependency */,
			);
			name = "whats-the-weatherUITests";
			productName = "whats-the-weatherUITests";
			productReference = 5E9B213E22F9E437003BF8AF /* whats-the-weatherUITests.xctest */;
			productType = "com.apple.product-type.bundle.ui-testing";
		};
/* End PBXNativeTarget section */

/* Begin PBXProject section */
		5E9B211722F9E436003BF8AF /* Project object */ = {
			isa = PBXProject;
			attributes = {
				LastSwiftUpdateCheck = 1030;
				LastUpgradeCheck = 1030;
				ORGANIZATIONNAME = nipe0324;
				TargetAttributes = {
					5E9B211E22F9E436003BF8AF = {
						CreatedOnToolsVersion = 10.3;
					};
					5E9B213222F9E437003BF8AF = {
						CreatedOnToolsVersion = 10.3;
						TestTargetID = 5E9B211E22F9E436003BF8AF;
					};
					5E9B213D22F9E437003BF8AF = {
						CreatedOnToolsVersion = 10.3;
						TestTargetID = 5E9B211E22F9E436003BF8AF;
					};
				};
			};
			buildConfigurationList = 5E9B211A22F9E436003BF8AF /* Build configuration list for PBXProject "whats-the-weather" */;
			compatibilityVersion = "Xcode 9.3";
			developmentRegion = en;
			hasScannedForEncodings = 0;
			knownRegions = (
				en,
				Base,
			);
			mainGroup = 5E9B211622F9E436003BF8AF;
			productRefGroup = 5E9B212022F9E436003BF8AF /* Products */;
			projectDirPath = "";
			projectRoot = "";
			targets = (
				5E9B211E22F9E436003BF8AF /* whats-the-weather */,
				5E9B213222F9E437003BF8AF /* whats-the-weatherTests */,
				5E9B213D22F9E437003BF8AF /* whats-the-weatherUITests */,
			);
		};
/* End PBXProject section */

/* Begin PBXResourcesBuildPhase section */
		5E9B211D22F9E436003BF8AF /* Resources */ = {
			isa = PBXResourcesBuildPhase;
			buildActionMask = 2147483647;
			files = (
				5E9B212D22F9E437003BF8AF /* LaunchScreen.storyboard in Resources */,
				5E9B215122F9E517003BF8AF /* background.jpg in Resources */,
				5E9B212A22F9E437003BF8AF /* Assets.xcassets in Resources */,
				5E9B212822F9E436003BF8AF /* Main.storyboard in Resources */,
			);
			runOnlyForDeploymentPostprocessing = 0;
		};
		5E9B213122F9E437003BF8AF /* Resources */ = {
			isa = PBXResourcesBuildPhase;
			buildActionMask = 2147483647;
			files = (
			);
			runOnlyForDeploymentPostprocessing = 0;
		};
		5E9B213C22F9E437003BF8AF /* Resources */ = {
			isa = PBXResourcesBuildPhase;
			buildActionMask = 2147483647;
			files = (
			);
			runOnlyForDeploymentPostprocessing = 0;
		};
/* End PBXResourcesBuildPhase section */

/* Begin PBXSourcesBuildPhase section */
		5E9B211B22F9E436003BF8AF /* Sources */ = {
			isa = PBXSourcesBuildPhase;
			buildActionMask = 2147483647;
			files = (
				5E9B212522F9E436003BF8AF /* ViewController.swift in Sources */,
				5E9B212322F9E436003BF8AF /* AppDelegate.swift in Sources */,
			);
			runOnlyForDeploymentPostprocessing = 0;
		};
		5E9B212F22F9E437003BF8AF /* Sources */ = {
			isa = PBXSourcesBuildPhase;
			buildActionMask = 2147483647;
			files = (
				5E9B213822F9E437003BF8AF /* whats_the_weatherTests.swift in Sources */,
			);
			runOnlyForDeploymentPostprocessing = 0;
		};
		5E9B213A22F9E437003BF8AF /* Sources */ = {
			isa = PBXSourcesBuildPhase;
			buildActionMask = 2147483647;
			files = (
				5E9B214322F9E437003BF8AF /* whats_the_weatherUITests.swift in Sources */,
			);
			runOnlyForDeploymentPostprocessing = 0;
		};
/* End PBXSourcesBuildPhase section */

/* Begin PBXTargetDependency section */
		5E9B213522F9E437003BF8AF /* PBXTargetDependency */ = {
			isa = PBXTargetDependency;
			target = 5E9B211E22F9E436003BF8AF /* whats-the-weather */;
			targetProxy = 5E9B213422F9E437003BF8AF /* PBXContainerItemProxy */;
		};
		5E9B214022F9E437003BF8AF /* PBXTargetDependency */ = {
			isa = PBXTargetDependency;
			target = 5E9B211E22F9E436003BF8AF /* whats-the-weather */;
			targetProxy = 5E9B213F22F9E437003BF8AF /* PBXContainerItemProxy */;
		};
/* End PBXTargetDependency section */

/* Begin PBXVariantGroup section */
		5E9B212622F9E436003BF8AF /* Main.storyboard */ = {
			isa = PBXVariantGroup;
			children = (
				5E9B212722F9E436003BF8AF /* Base */,
			);
			name = Main.storyboard;
			sourceTree = "<group>";
		};
		5E9B212B22F9E437003BF8AF /* LaunchScreen.storyboard */ = {
			isa = PBXVariantGroup;
			children = (
				5E9B212C22F9E437003BF8AF /* Base */,
			);
			name = LaunchScreen.storyboard;
			sourceTree = "<group>";
		};
/* End PBXVariantGroup section */

/* Begin XCBuildConfiguration section */
		5E9B214522F9E437003BF8AF /* Debug */ = {
			isa = XCBuildConfiguration;
			buildSettings = {
				ALWAYS_SEARCH_USER_PATHS = NO;
				CLANG_ANALYZER_NONNULL = YES;
				CLANG_ANALYZER_NUMBER_OBJECT_CONVERSION = YES_AGGRESSIVE;
				CLANG_CXX_LANGUAGE_STANDARD = "gnu++14";
				CLANG_CXX_LIBRARY = "libc++";
				CLANG_ENABLE_MODULES = YES;
				CLANG_ENABLE_OBJC_ARC = YES;
				CLANG_ENABLE_OBJC_WEAK = YES;
				CLANG_WARN_BLOCK_CAPTURE_AUTORELEASING = YES;
				CLANG_WARN_BOOL_CONVERSION = YES;
				CLANG_WARN_COMMA = YES;
				CLANG_WARN_CONSTANT_CONVERSION = YES;
				CLANG_WARN_DEPRECATED_OBJC_IMPLEMENTATIONS = YES;
				CLANG_WARN_DIRECT_OBJC_ISA_USAGE = YES_ERROR;
				CLANG_WARN_DOCUMENTATION_COMMENTS = YES;
				CLANG_WARN_EMPTY_BODY = YES;
				CLANG_WARN_ENUM_CONVERSION = YES;
				CLANG_WARN_INFINITE_RECURSION = YES;
				CLANG_WARN_INT_CONVERSION = YES;
				CLANG_WARN_NON_LITERAL_NULL_CONVERSION = YES;
				CLANG_WARN_OBJC_IMPLICIT_RETAIN_SELF = YES;
				CLANG_WARN_OBJC_LITERAL_CONVERSION = YES;
				CLANG_WARN_OBJC_ROOT_CLASS = YES_ERROR;
				CLANG_WARN_RANGE_LOOP_ANALYSIS = YES;
				CLANG_WARN_STRICT_PROTOTYPES = YES;
				CLANG_WARN_SUSPICIOUS_MOVE = YES;
				CLANG_WARN_UNGUARDED_AVAILABILITY = YES_AGGRESSIVE;
				CLANG_WARN_UNREACHABLE_CODE = YES;
				CLANG_WARN__DUPLICATE_METHOD_MATCH = YES;
				CODE_SIGN_IDENTITY = "iPhone Developer";
				COPY_PHASE_STRIP = NO;
				DEBUG_INFORMATION_FORMAT = dwarf;
				ENABLE_STRICT_OBJC_MSGSEND = YES;
				ENABLE_TESTABILITY = YES;
				GCC_C_LANGUAGE_STANDARD = gnu11;
				GCC_DYNAMIC_NO_PIC = NO;
				GCC_NO_COMMON_BLOCKS = YES;
				GCC_OPTIMIZATION_LEVEL = 0;
				GCC_PREPROCESSOR_DEFINITIONS = (
					"DEBUG=1",
					"$(inherited)",
				);
				GCC_WARN_64_TO_32_BIT_CONVERSION = YES;
				GCC_WARN_ABOUT_RETURN_TYPE = YES_ERROR;
				GCC_WARN_UNDECLARED_SELECTOR = YES;
				GCC_WARN_UNINITIALIZED_AUTOS = YES_AGGRESSIVE;
				GCC_WARN_UNUSED_FUNCTION = YES;
				GCC_WARN_UNUSED_VARIABLE = YES;
				IPHONEOS_DEPLOYMENT_TARGET = 12.4;
				MTL_ENABLE_DEBUG_INFO = INCLUDE_SOURCE;
				MTL_FAST_MATH = YES;
				ONLY_ACTIVE_ARCH = YES;
				SDKROOT = iphoneos;
				SWIFT_ACTIVE_COMPILATION_CONDITIONS = DEBUG;
				SWIFT_OPTIMIZATION_LEVEL = "-Onone";
			};
			name = Debug;
		};
		5E9B214622F9E437003BF8AF /* Release */ = {
			isa = XCBuildConfiguration;
			buildSettings = {
				ALWAYS_SEARCH_USER_PATHS = NO;
				CLANG_ANALYZER_NONNULL = YES;
				CLANG_ANALYZER_NUMBER_OBJECT_CONVERSION = YES_AGGRESSIVE;
				CLANG_CXX_LANGUAGE_STANDARD = "gnu++14";
				CLANG_CXX_LIBRARY = "libc++";
				CLANG_ENABLE_MODULES = YES;
				CLANG_ENABLE_OBJC_ARC = YES;
				CLANG_ENABLE_OBJC_WEAK = YES;
				CLANG_WARN_BLOCK_CAPTURE_AUTORELEASING = YES;
				CLANG_WARN_BOOL_CONVERSION = YES;
				CLANG_WARN_COMMA = YES;
				CLANG_WARN_CONSTANT_CONVERSION = YES;
				CLANG_WARN_DEPRECATED_OBJC_IMPLEMENTATIONS = YES;
				CLANG_WARN_DIRECT_OBJC_ISA_USAGE = YES_ERROR;
				CLANG_WARN_DOCUMENTATION_COMMENTS = YES;
				CLANG_WARN_EMPTY_BODY = YES;
				CLANG_WARN_ENUM_CONVERSION = YES;
				CLANG_WARN_INFINITE_RECURSION = YES;
				CLANG_WARN_INT_CONVERSION = YES;
				CLANG_WARN_NON_LITERAL_NULL_CONVERSION = YES;
				CLANG_WARN_OBJC_IMPLICIT_RETAIN_SELF = YES;
				CLANG_WARN_OBJC_LITERAL_CONVERSION = YES;
				CLANG_WARN_OBJC_ROOT_CLASS = YES_ERROR;
				CLANG_WARN_RANGE_LOOP_ANALYSIS = YES;
				CLANG_WARN_STRICT_PROTOTYPES = YES;
				CLANG_WARN_SUSPICIOUS_MOVE = YES;
				CLANG_WARN_UNGUARDED_AVAILABILITY = YES_AGGRESSIVE;
				CLANG_WARN_UNREACHABLE_CODE = YES;
				CLANG_WARN__DUPLICATE_METHOD_MATCH = YES;
				CODE_SIGN_IDENTITY = "iPhone Developer";
				COPY_PHASE_STRIP = NO;
				DEBUG_INFORMATION_FORMAT = "dwarf-with-dsym";
				ENABLE_NS_ASSERTIONS = NO;
				ENABLE_STRICT_OBJC_MSGSEND = YES;
				GCC_C_LANGUAGE_STANDARD = gnu11;
				GCC_NO_COMMON_BLOCKS = YES;
				GCC_WARN_64_TO_32_BIT_CONVERSION = YES;
				GCC_WARN_ABOUT_RETURN_TYPE = YES_ERROR;
				GCC_WARN_UNDECLARED_SELECTOR = YES;
				GCC_WARN_UNINITIALIZED_AUTOS = YES_AGGRESSIVE;
				GCC_WARN_UNUSED_FUNCTION = YES;
				GCC_WARN_UNUSED_VARIABLE = YES;
				IPHONEOS_DEPLOYMENT_TARGET = 12.4;
				MTL_ENABLE_DEBUG_INFO = NO;
				MTL_FAST_MATH = YES;
				SDKROOT = iphoneos;
				SWIFT_COMPILATION_MODE = wholemodule;
				SWIFT_OPTIMIZATION_LEVEL = "-O";
				VALIDATE_PRODUCT = YES;
			};
			name = Release;
		};
		5E9B214822F9E437003BF8AF /* Debug */ = {
			isa = XCBuildConfiguration;
			buildSettings = {
				ASSETCATALOG_COMPILER_APPICON_NAME = AppIcon;
				CODE_SIGN_STYLE = Automatic;
				INFOPLIST_FILE = "whats-the-weather/Info.plist";
				LD_RUNPATH_SEARCH_PATHS = (
					"$(inherited)",
					"@executable_path/Frameworks",
				);
				PRODUCT_BUNDLE_IDENTIFIER = "com.nipe0324.whats-the-weather";
				PRODUCT_NAME = "$(TARGET_NAME)";
				SWIFT_VERSION = 5.0;
				TARGETED_DEVICE_FAMILY = "1,2";
			};
			name = Debug;
		};
		5E9B214922F9E437003BF8AF /* Release */ = {
			isa = XCBuildConfiguration;
			buildSettings = {
				ASSETCATALOG_COMPILER_APPICON_NAME = AppIcon;
				CODE_SIGN_STYLE = Automatic;
				INFOPLIST_FILE = "whats-the-weather/Info.plist";
				LD_RUNPATH_SEARCH_PATHS = (
					"$(inherited)",
					"@executable_path/Frameworks",
				);
				PRODUCT_BUNDLE_IDENTIFIER = "com.nipe0324.whats-the-weather";
				PRODUCT_NAME = "$(TARGET_NAME)";
				SWIFT_VERSION = 5.0;
				TARGETED_DEVICE_FAMILY = "1,2";
			};
			name = Release;
		};
		5E9B214B22F9E437003BF8AF /* Debug */ = {
			isa = XCBuildConfiguration;
			buildSettings = {
				ALWAYS_EMBED_SWIFT_STANDARD_LIBRARIES = YES;
				BUNDLE_LOADER = "$(TEST_HOST)";
				CODE_SIGN_STYLE = Automatic;
				INFOPLIST_FILE = "whats-the-weatherTests/Info.plist";
				LD_RUNPATH_SEARCH_PATHS = (
					"$(inherited)",
					"@executable_path/Frameworks",
					"@loader_path/Frameworks",
				);
				PRODUCT_BUNDLE_IDENTIFIER = "com.nipe0324.whats-the-weatherTests";
				PRODUCT_NAME = "$(TARGET_NAME)";
				SWIFT_VERSION = 5.0;
				TARGETED_DEVICE_FAMILY = "1,2";
				TEST_HOST = "$(BUILT_PRODUCTS_DIR)/whats-the-weather.app/whats-the-weather";
			};
			name = Debug;
		};
		5E9B214C22F9E437003BF8AF /* Release */ = {
			isa = XCBuildConfiguration;
			buildSettings = {
				ALWAYS_EMBED_SWIFT_STANDARD_LIBRARIES = YES;
				BUNDLE_LOADER = "$(TEST_HOST)";
				CODE_SIGN_STYLE = Automatic;
				INFOPLIST_FILE = "whats-the-weatherTests/Info.plist";
				LD_RUNPATH_SEARCH_PATHS = (
					"$(inherited)",
					"@executable_path/Frameworks",
					"@loader_path/Frameworks",
				);
				PRODUCT_BUNDLE_IDENTIFIER = "com.nipe0324.whats-the-weatherTests";
				PRODUCT_NAME = "$(TARGET_NAME)";
				SWIFT_VERSION = 5.0;
				TARGETED_DEVICE_FAMILY = "1,2";
				TEST_HOST = "$(BUILT_PRODUCTS_DIR)/whats-the-weather.app/whats-the-weather";
			};
			name = Release;
		};
		5E9B214E22F9E437003BF8AF /* Debug */ = {
			isa = XCBuildConfiguration;
			buildSettings = {
				ALWAYS_EMBED_SWIFT_STANDARD_LIBRARIES = YES;
				CODE_SIGN_STYLE = Automatic;
				INFOPLIST_FILE = "whats-the-weatherUITests/Info.plist";
				LD_RUNPATH_SEARCH_PATHS = (
					"$(inherited)",
					"@executable_path/Frameworks",
					"@loader_path/Frameworks",
				);
				PRODUCT_BUNDLE_IDENTIFIER = "com.nipe0324.whats-the-weatherUITests";
				PRODUCT_NAME = "$(TARGET_NAME)";
				SWIFT_VERSION = 5.0;
				TARGETED_DEVICE_FAMILY = "1,2";
				TEST_TARGET_NAME = "whats-the-weather";
			};
			name = Debug;
		};
		5E9B214F22F9E437003BF8AF /* Release */ = {
			isa = XCBuildConfiguration;
			buildSettings = {
				ALWAYS_EMBED_SWIFT_STANDARD_LIBRARIES = YES;
				CODE_SIGN_STYLE = Automatic;
				INFOPLIST_FILE = "whats-the-weatherUITests/Info.plist";
				LD_RUNPATH_SEARCH_PATHS = (
					"$(inherited)",
					"@executable_path/Frameworks",
					"@loader_path/Frameworks",
				);
				PRODUCT_BUNDLE_IDENTIFIER = "com.nipe0324.whats-the-weatherUITests";
				PRODUCT_NAME = "$(TARGET_NAME)";
				SWIFT_VERSION = 5.0;
				TARGETED_DEVICE_FAMILY = "1,2";
				TEST_TARGET_NAME = "whats-the-weather";
			};
			name = Release;
		};
/* End XCBuildConfiguration section */

/* Begin XCConfigurationList section */
		5E9B211A22F9E436003BF8AF /* Build configuration list for PBXProject "whats-the-weather" */ = {
			isa = XCConfigurationList;
			buildConfigurations = (
				5E9B214522F9E437003BF8AF /* Debug */,
				5E9B214622F9E437003BF8AF /* Release */,
			);
			defaultConfigurationIsVisible = 0;
			defaultConfigurationName = Release;
		};
		5E9B214722F9E437003BF8AF /* Build configuration list for PBXNativeTarget "whats-the-weather" */ = {
			isa = XCConfigurationList;
			buildConfigurations = (
				5E9B214822F9E437003BF8AF /* Debug */,
				5E9B214922F9E437003BF8AF /* Release */,
			);
			defaultConfigurationIsVisible = 0;
			defaultConfigurationName = Release;
		};
		5E9B214A22F9E437003BF8AF /* Build configuration list for PBXNativeTarget "whats-the-weatherTests" */ = {
			isa = XCConfigurationList;
			buildConfigurations = (
				5E9B214B22F9E437003BF8AF /* Debug */,
				5E9B214C22F9E437003BF8AF /* Release */,
			);
			defaultConfigurationIsVisible = 0;
			defaultConfigurationName = Release;
		};
		5E9B214D22F9E437003BF8AF /* Build configuration list for PBXNativeTarget "whats-the-weatherUITests" */ = {
			isa = XCConfigurationList;
			buildConfigurations = (
				5E9B214E22F9E437003BF8AF /* Debug */,
				5E9B214F22F9E437003BF8AF /* Release */,
			);
			defaultConfigurationIsVisible = 0;
			defaultConfigurationName = Release;
		};
/* End XCConfigurationList section */
	};
	rootObject = 5E9B211722F9E436003BF8AF /* Project object */;
}
