// !$*UTF8*$!
{
	archiveVersion = 1;
	classes = {
	};
	objectVersion = 50;
	objects = {

/* Begin PBXBuildFile section */
		5E9B20E722F9D27C003BF8AF /* AppDelegate.swift in Sources */ = {isa = PBXBuildFile; fileRef = 5E9B20E622F9D27C003BF8AF /* AppDelegate.swift */; };
		5E9B20E922F9D27C003BF8AF /* FirstViewController.swift in Sources */ = {isa = PBXBuildFile; fileRef = 5E9B20E822F9D27C003BF8AF /* FirstViewController.swift */; };
		5E9B20EB22F9D27C003BF8AF /* SecondViewController.swift in Sources */ = {isa = PBXBuildFile; fileRef = 5E9B20EA22F9D27C003BF8AF /* SecondViewController.swift */; };
		5E9B20EE22F9D27C003BF8AF /* Main.storyboard in Resources */ = {isa = PBXBuildFile; fileRef = 5E9B20EC22F9D27C003BF8AF /* Main.storyboard */; };
		5E9B20F022F9D27D003BF8AF /* Assets.xcassets in Resources */ = {isa = PBXBuildFile; fileRef = 5E9B20EF22F9D27D003BF8AF /* Assets.xcassets */; };
		5E9B20F322F9D27D003BF8AF /* LaunchScreen.storyboard in Resources */ = {isa = PBXBuildFile; fileRef = 5E9B20F122F9D27D003BF8AF /* LaunchScreen.storyboard */; };
		5E9B20FE22F9D27D003BF8AF /* todo_listTests.swift in Sources */ = {isa = PBXBuildFile; fileRef = 5E9B20FD22F9D27D003BF8AF /* todo_listTests.swift */; };
		5E9B210922F9D27D003BF8AF /* todo_listUITests.swift in Sources */ = {isa = PBXBuildFile; fileRef = 5E9B210822F9D27D003BF8AF /* todo_listUITests.swift */; };
/* End PBXBuildFile section */

/* Begin PBXContainerItemProxy section */
		5E9B20FA22F9D27D003BF8AF /* PBXContainerItemProxy */ = {
			isa = PBXContainerItemProxy;
			containerPortal = 5E9B20DB22F9D27C003BF8AF /* Project object */;
			proxyType = 1;
			remoteGlobalIDString = 5E9B20E222F9D27C003BF8AF;
			remoteInfo = "todo-list";
		};
		5E9B210522F9D27D003BF8AF /* PBXContainerItemProxy */ = {
			isa = PBXContainerItemProxy;
			containerPortal = 5E9B20DB22F9D27C003BF8AF /* Project object */;
			proxyType = 1;
			remoteGlobalIDString = 5E9B20E222F9D27C003BF8AF;
			remoteInfo = "todo-list";
		};
/* End PBXContainerItemProxy section */

/* Begin PBXFileReference section */
		5E9B20E322F9D27C003BF8AF /* todo-list.app */ = {isa = PBXFileReference; explicitFileType = wrapper.application; includeInIndex = 0; path = "todo-list.app"; sourceTree = BUILT_PRODUCTS_DIR; };
		5E9B20E622F9D27C003BF8AF /* AppDelegate.swift */ = {isa = PBXFileReference; lastKnownFileType = sourcecode.swift; path = AppDelegate.swift; sourceTree = "<group>"; };
		5E9B20E822F9D27C003BF8AF /* FirstViewController.swift */ = {isa = PBXFileReference; lastKnownFileType = sourcecode.swift; path = FirstViewController.swift; sourceTree = "<group>"; };
		5E9B20EA22F9D27C003BF8AF /* SecondViewController.swift */ = {isa = PBXFileReference; lastKnownFileType = sourcecode.swift; path = SecondViewController.swift; sourceTree = "<group>"; };
		5E9B20ED22F9D27C003BF8AF /* Base */ = {isa = PBXFileReference; lastKnownFileType = file.storyboard; name = Base; path = Base.lproj/Main.storyboard; sourceTree = "<group>"; };
		5E9B20EF22F9D27D003BF8AF /* Assets.xcassets */ = {isa = PBXFileReference; lastKnownFileType = folder.assetcatalog; path = Assets.xcassets; sourceTree = "<group>"; };
		5E9B20F222F9D27D003BF8AF /* Base */ = {isa = PBXFileReference; lastKnownFileType = file.storyboard; name = Base; path = Base.lproj/LaunchScreen.storyboard; sourceTree = "<group>"; };
		5E9B20F422F9D27D003BF8AF /* Info.plist */ = {isa = PBXFileReference; lastKnownFileType = text.plist.xml; path = Info.plist; sourceTree = "<group>"; };
		5E9B20F922F9D27D003BF8AF /* todo-listTests.xctest */ = {isa = PBXFileReference; explicitFileType = wrapper.cfbundle; includeInIndex = 0; path = "todo-listTests.xctest"; sourceTree = BUILT_PRODUCTS_DIR; };
		5E9B20FD22F9D27D003BF8AF /* todo_listTests.swift */ = {isa = PBXFileReference; lastKnownFileType = sourcecode.swift; path = todo_listTests.swift; sourceTree = "<group>"; };
		5E9B20FF22F9D27D003BF8AF /* Info.plist */ = {isa = PBXFileReference; lastKnownFileType = text.plist.xml; path = Info.plist; sourceTree = "<group>"; };
		5E9B210422F9D27D003BF8AF /* todo-listUITests.xctest */ = {isa = PBXFileReference; explicitFileType = wrapper.cfbundle; includeInIndex = 0; path = "todo-listUITests.xctest"; sourceTree = BUILT_PRODUCTS_DIR; };
		5E9B210822F9D27D003BF8AF /* todo_listUITests.swift */ = {isa = PBXFileReference; lastKnownFileType = sourcecode.swift; path = todo_listUITests.swift; sourceTree = "<group>"; };
		5E9B210A22F9D27D003BF8AF /* Info.plist */ = {isa = PBXFileReference; lastKnownFileType = text.plist.xml; path = Info.plist; sourceTree = "<group>"; };
/* End PBXFileReference section */

/* Begin PBXFrameworksBuildPhase section */
		5E9B20E022F9D27C003BF8AF /* Frameworks */ = {
			isa = PBXFrameworksBuildPhase;
			buildActionMask = 2147483647;
			files = (
			);
			runOnlyForDeploymentPostprocessing = 0;
		};
		5E9B20F622F9D27D003BF8AF /* Frameworks */ = {
			isa = PBXFrameworksBuildPhase;
			buildActionMask = 2147483647;
			files = (
			);
			runOnlyForDeploymentPostprocessing = 0;
		};
		5E9B210122F9D27D003BF8AF /* Frameworks */ = {
			isa = PBXFrameworksBuildPhase;
			buildActionMask = 2147483647;
			files = (
			);
			runOnlyForDeploymentPostprocessing = 0;
		};
/* End PBXFrameworksBuildPhase section */

/* Begin PBXGroup section */
		5E9B20DA22F9D27C003BF8AF = {
			isa = PBXGroup;
			children = (
				5E9B20E522F9D27C003BF8AF /* todo-list */,
				5E9B20FC22F9D27D003BF8AF /* todo-listTests */,
				5E9B210722F9D27D003BF8AF /* todo-listUITests */,
				5E9B20E422F9D27C003BF8AF /* Products */,
			);
			sourceTree = "<group>";
		};
		5E9B20E422F9D27C003BF8AF /* Products */ = {
			isa = PBXGroup;
			children = (
				5E9B20E322F9D27C003BF8AF /* todo-list.app */,
				5E9B20F922F9D27D003BF8AF /* todo-listTests.xctest */,
				5E9B210422F9D27D003BF8AF /* todo-listUITests.xctest */,
			);
			name = Products;
			sourceTree = "<group>";
		};
		5E9B20E522F9D27C003BF8AF /* todo-list */ = {
			isa = PBXGroup;
			children = (
				5E9B20E622F9D27C003BF8AF /* AppDelegate.swift */,
				5E9B20E822F9D27C003BF8AF /* FirstViewController.swift */,
				5E9B20EA22F9D27C003BF8AF /* SecondViewController.swift */,
				5E9B20EC22F9D27C003BF8AF /* Main.storyboard */,
				5E9B20EF22F9D27D003BF8AF /* Assets.xcassets */,
				5E9B20F122F9D27D003BF8AF /* LaunchScreen.storyboard */,
				5E9B20F422F9D27D003BF8AF /* Info.plist */,
			);
			path = "todo-list";
			sourceTree = "<group>";
		};
		5E9B20FC22F9D27D003BF8AF /* todo-listTests */ = {
			isa = PBXGroup;
			children = (
				5E9B20FD22F9D27D003BF8AF /* todo_listTests.swift */,
				5E9B20FF22F9D27D003BF8AF /* Info.plist */,
			);
			path = "todo-listTests";
			sourceTree = "<group>";
		};
		5E9B210722F9D27D003BF8AF /* todo-listUITests */ = {
			isa = PBXGroup;
			children = (
				5E9B210822F9D27D003BF8AF /* todo_listUITests.swift */,
				5E9B210A22F9D27D003BF8AF /* Info.plist */,
			);
			path = "todo-listUITests";
			sourceTree = "<group>";
		};
/* End PBXGroup section */

/* Begin PBXNativeTarget section */
		5E9B20E222F9D27C003BF8AF /* todo-list */ = {
			isa = PBXNativeTarget;
			buildConfigurationList = 5E9B210D22F9D27D003BF8AF /* Build configuration list for PBXNativeTarget "todo-list" */;
			buildPhases = (
				5E9B20DF22F9D27C003BF8AF /* Sources */,
				5E9B20E022F9D27C003BF8AF /* Frameworks */,
				5E9B20E122F9D27C003BF8AF /* Resources */,
			);
			buildRules = (
			);
			dependencies = (
			);
			name = "todo-list";
			productName = "todo-list";
			productReference = 5E9B20E322F9D27C003BF8AF /* todo-list.app */;
			productType = "com.apple.product-type.application";
		};
		5E9B20F822F9D27D003BF8AF /* todo-listTests */ = {
			isa = PBXNativeTarget;
			buildConfigurationList = 5E9B211022F9D27D003BF8AF /* Build configuration list for PBXNativeTarget "todo-listTests" */;
			buildPhases = (
				5E9B20F522F9D27D003BF8AF /* Sources */,
				5E9B20F622F9D27D003BF8AF /* Frameworks */,
				5E9B20F722F9D27D003BF8AF /* Resources */,
			);
			buildRules = (
			);
			dependencies = (
				5E9B20FB22F9D27D003BF8AF /* PBXTargetDependency */,
			);
			name = "todo-listTests";
			productName = "todo-listTests";
			productReference = 5E9B20F922F9D27D003BF8AF /* todo-listTests.xctest */;
			productType = "com.apple.product-type.bundle.unit-test";
		};
		5E9B210322F9D27D003BF8AF /* todo-listUITests */ = {
			isa = PBXNativeTarget;
			buildConfigurationList = 5E9B211322F9D27D003BF8AF /* Build configuration list for PBXNativeTarget "todo-listUITests" */;
			buildPhases = (
				5E9B210022F9D27D003BF8AF /* Sources */,
				5E9B210122F9D27D003BF8AF /* Frameworks */,
				5E9B210222F9D27D003BF8AF /* Resources */,
			);
			buildRules = (
			);
			dependencies = (
				5E9B210622F9D27D003BF8AF /* PBXTargetDependency */,
			);
			name = "todo-listUITests";
			productName = "todo-listUITests";
			productReference = 5E9B210422F9D27D003BF8AF /* todo-listUITests.xctest */;
			productType = "com.apple.product-type.bundle.ui-testing";
		};
/* End PBXNativeTarget section */

/* Begin PBXProject section */
		5E9B20DB22F9D27C003BF8AF /* Project object */ = {
			isa = PBXProject;
			attributes = {
				LastSwiftUpdateCheck = 1030;
				LastUpgradeCheck = 1030;
				ORGANIZATIONNAME = nipe0324;
				TargetAttributes = {
					5E9B20E222F9D27C003BF8AF = {
						CreatedOnToolsVersion = 10.3;
					};
					5E9B20F822F9D27D003BF8AF = {
						CreatedOnToolsVersion = 10.3;
						TestTargetID = 5E9B20E222F9D27C003BF8AF;
					};
					5E9B210322F9D27D003BF8AF = {
						CreatedOnToolsVersion = 10.3;
						TestTargetID = 5E9B20E222F9D27C003BF8AF;
					};
				};
			};
			buildConfigurationList = 5E9B20DE22F9D27C003BF8AF /* Build configuration list for PBXProject "todo-list" */;
			compatibilityVersion = "Xcode 9.3";
			developmentRegion = en;
			hasScannedForEncodings = 0;
			knownRegions = (
				en,
				Base,
			);
			mainGroup = 5E9B20DA22F9D27C003BF8AF;
			productRefGroup = 5E9B20E422F9D27C003BF8AF /* Products */;
			projectDirPath = "";
			projectRoot = "";
			targets = (
				5E9B20E222F9D27C003BF8AF /* todo-list */,
				5E9B20F822F9D27D003BF8AF /* todo-listTests */,
				5E9B210322F9D27D003BF8AF /* todo-listUITests */,
			);
		};
/* End PBXProject section */

/* Begin PBXResourcesBuildPhase section */
		5E9B20E122F9D27C003BF8AF /* Resources */ = {
			isa = PBXResourcesBuildPhase;
			buildActionMask = 2147483647;
			files = (
				5E9B20F322F9D27D003BF8AF /* LaunchScreen.storyboard in Resources */,
				5E9B20F022F9D27D003BF8AF /* Assets.xcassets in Resources */,
				5E9B20EE22F9D27C003BF8AF /* Main.storyboard in Resources */,
			);
			runOnlyForDeploymentPostprocessing = 0;
		};
		5E9B20F722F9D27D003BF8AF /* Resources */ = {
			isa = PBXResourcesBuildPhase;
			buildActionMask = 2147483647;
			files = (
			);
			runOnlyForDeploymentPostprocessing = 0;
		};
		5E9B210222F9D27D003BF8AF /* Resources */ = {
			isa = PBXResourcesBuildPhase;
			buildActionMask = 2147483647;
			files = (
			);
			runOnlyForDeploymentPostprocessing = 0;
		};
/* End PBXResourcesBuildPhase section */

/* Begin PBXSourcesBuildPhase section */
		5E9B20DF22F9D27C003BF8AF /* Sources */ = {
			isa = PBXSourcesBuildPhase;
			buildActionMask = 2147483647;
			files = (
				5E9B20EB22F9D27C003BF8AF /* SecondViewController.swift in Sources */,
				5E9B20E722F9D27C003BF8AF /* AppDelegate.swift in Sources */,
				5E9B20E922F9D27C003BF8AF /* FirstViewController.swift in Sources */,
			);
			runOnlyForDeploymentPostprocessing = 0;
		};
		5E9B20F522F9D27D003BF8AF /* Sources */ = {
			isa = PBXSourcesBuildPhase;
			buildActionMask = 2147483647;
			files = (
				5E9B20FE22F9D27D003BF8AF /* todo_listTests.swift in Sources */,
			);
			runOnlyForDeploymentPostprocessing = 0;
		};
		5E9B210022F9D27D003BF8AF /* Sources */ = {
			isa = PBXSourcesBuildPhase;
			buildActionMask = 2147483647;
			files = (
				5E9B210922F9D27D003BF8AF /* todo_listUITests.swift in Sources */,
			);
			runOnlyForDeploymentPostprocessing = 0;
		};
/* End PBXSourcesBuildPhase section */

/* Begin PBXTargetDependency section */
		5E9B20FB22F9D27D003BF8AF /* PBXTargetDependency */ = {
			isa = PBXTargetDependency;
			target = 5E9B20E222F9D27C003BF8AF /* todo-list */;
			targetProxy = 5E9B20FA22F9D27D003BF8AF /* PBXContainerItemProxy */;
		};
		5E9B210622F9D27D003BF8AF /* PBXTargetDependency */ = {
			isa = PBXTargetDependency;
			target = 5E9B20E222F9D27C003BF8AF /* todo-list */;
			targetProxy = 5E9B210522F9D27D003BF8AF /* PBXContainerItemProxy */;
		};
/* End PBXTargetDependency section */

/* Begin PBXVariantGroup section */
		5E9B20EC22F9D27C003BF8AF /* Main.storyboard */ = {
			isa = PBXVariantGroup;
			children = (
				5E9B20ED22F9D27C003BF8AF /* Base */,
			);
			name = Main.storyboard;
			sourceTree = "<group>";
		};
		5E9B20F122F9D27D003BF8AF /* LaunchScreen.storyboard */ = {
			isa = PBXVariantGroup;
			children = (
				5E9B20F222F9D27D003BF8AF /* Base */,
			);
			name = LaunchScreen.storyboard;
			sourceTree = "<group>";
		};
/* End PBXVariantGroup section */

/* Begin XCBuildConfiguration section */
		5E9B210B22F9D27D003BF8AF /* Debug */ = {
			isa = XCBuildConfiguration;
			buildSettings = {
				ALWAYS_SEARCH_USER_PATHS = NO;
				CLANG_ANALYZER_NONNULL = YES;
				CLANG_ANALYZER_NUMBER_OBJECT_CONVERSION = YES_AGGRESSIVE;
				CLANG_CXX_LANGUAGE_STANDARD = "gnu++14";
				CLANG_CXX_LIBRARY = "libc++";
				CLANG_ENABLE_MODULES = YES;
				CLANG_ENABLE_OBJC_ARC = YES;
				CLANG_ENABLE_OBJC_WEAK = YES;
				CLANG_WARN_BLOCK_CAPTURE_AUTORELEASING = YES;
				CLANG_WARN_BOOL_CONVERSION = YES;
				CLANG_WARN_COMMA = YES;
				CLANG_WARN_CONSTANT_CONVERSION = YES;
				CLANG_WARN_DEPRECATED_OBJC_IMPLEMENTATIONS = YES;
				CLANG_WARN_DIRECT_OBJC_ISA_USAGE = YES_ERROR;
				CLANG_WARN_DOCUMENTATION_COMMENTS = YES;
				CLANG_WARN_EMPTY_BODY = YES;
				CLANG_WARN_ENUM_CONVERSION = YES;
				CLANG_WARN_INFINITE_RECURSION = YES;
				CLANG_WARN_INT_CONVERSION = YES;
				CLANG_WARN_NON_LITERAL_NULL_CONVERSION = YES;
				CLANG_WARN_OBJC_IMPLICIT_RETAIN_SELF = YES;
				CLANG_WARN_OBJC_LITERAL_CONVERSION = YES;
				CLANG_WARN_OBJC_ROOT_CLASS = YES_ERROR;
				CLANG_WARN_RANGE_LOOP_ANALYSIS = YES;
				CLANG_WARN_STRICT_PROTOTYPES = YES;
				CLANG_WARN_SUSPICIOUS_MOVE = YES;
				CLANG_WARN_UNGUARDED_AVAILABILITY = YES_AGGRESSIVE;
				CLANG_WARN_UNREACHABLE_CODE = YES;
				CLANG_WARN__DUPLICATE_METHOD_MATCH = YES;
				CODE_SIGN_IDENTITY = "iPhone Developer";
				COPY_PHASE_STRIP = NO;
				DEBUG_INFORMATION_FORMAT = dwarf;
				ENABLE_STRICT_OBJC_MSGSEND = YES;
				ENABLE_TESTABILITY = YES;
				GCC_C_LANGUAGE_STANDARD = gnu11;
				GCC_DYNAMIC_NO_PIC = NO;
				GCC_NO_COMMON_BLOCKS = YES;
				GCC_OPTIMIZATION_LEVEL = 0;
				GCC_PREPROCESSOR_DEFINITIONS = (
					"DEBUG=1",
					"$(inherited)",
				);
				GCC_WARN_64_TO_32_BIT_CONVERSION = YES;
				GCC_WARN_ABOUT_RETURN_TYPE = YES_ERROR;
				GCC_WARN_UNDECLARED_SELECTOR = YES;
				GCC_WARN_UNINITIALIZED_AUTOS = YES_AGGRESSIVE;
				GCC_WARN_UNUSED_FUNCTION = YES;
				GCC_WARN_UNUSED_VARIABLE = YES;
				IPHONEOS_DEPLOYMENT_TARGET = 12.4;
				MTL_ENABLE_DEBUG_INFO = INCLUDE_SOURCE;
				MTL_FAST_MATH = YES;
				ONLY_ACTIVE_ARCH = YES;
				SDKROOT = iphoneos;
				SWIFT_ACTIVE_COMPILATION_CONDITIONS = DEBUG;
				SWIFT_OPTIMIZATION_LEVEL = "-Onone";
			};
			name = Debug;
		};
		5E9B210C22F9D27D003BF8AF /* Release */ = {
			isa = XCBuildConfiguration;
			buildSettings = {
				ALWAYS_SEARCH_USER_PATHS = NO;
				CLANG_ANALYZER_NONNULL = YES;
				CLANG_ANALYZER_NUMBER_OBJECT_CONVERSION = YES_AGGRESSIVE;
				CLANG_CXX_LANGUAGE_STANDARD = "gnu++14";
				CLANG_CXX_LIBRARY = "libc++";
				CLANG_ENABLE_MODULES = YES;
				CLANG_ENABLE_OBJC_ARC = YES;
				CLANG_ENABLE_OBJC_WEAK = YES;
				CLANG_WARN_BLOCK_CAPTURE_AUTORELEASING = YES;
				CLANG_WARN_BOOL_CONVERSION = YES;
				CLANG_WARN_COMMA = YES;
				CLANG_WARN_CONSTANT_CONVERSION = YES;
				CLANG_WARN_DEPRECATED_OBJC_IMPLEMENTATIONS = YES;
				CLANG_WARN_DIRECT_OBJC_ISA_USAGE = YES_ERROR;
				CLANG_WARN_DOCUMENTATION_COMMENTS = YES;
				CLANG_WARN_EMPTY_BODY = YES;
				CLANG_WARN_ENUM_CONVERSION = YES;
				CLANG_WARN_INFINITE_RECURSION = YES;
				CLANG_WARN_INT_CONVERSION = YES;
				CLANG_WARN_NON_LITERAL_NULL_CONVERSION = YES;
				CLANG_WARN_OBJC_IMPLICIT_RETAIN_SELF = YES;
				CLANG_WARN_OBJC_LITERAL_CONVERSION = YES;
				CLANG_WARN_OBJC_ROOT_CLASS = YES_ERROR;
				CLANG_WARN_RANGE_LOOP_ANALYSIS = YES;
				CLANG_WARN_STRICT_PROTOTYPES = YES;
				CLANG_WARN_SUSPICIOUS_MOVE = YES;
				CLANG_WARN_UNGUARDED_AVAILABILITY = YES_AGGRESSIVE;
				CLANG_WARN_UNREACHABLE_CODE = YES;
				CLANG_WARN__DUPLICATE_METHOD_MATCH = YES;
				CODE_SIGN_IDENTITY = "iPhone Developer";
				COPY_PHASE_STRIP = NO;
				DEBUG_INFORMATION_FORMAT = "dwarf-with-dsym";
				ENABLE_NS_ASSERTIONS = NO;
				ENABLE_STRICT_OBJC_MSGSEND = YES;
				GCC_C_LANGUAGE_STANDARD = gnu11;
				GCC_NO_COMMON_BLOCKS = YES;
				GCC_WARN_64_TO_32_BIT_CONVERSION = YES;
				GCC_WARN_ABOUT_RETURN_TYPE = YES_ERROR;
				GCC_WARN_UNDECLARED_SELECTOR = YES;
				GCC_WARN_UNINITIALIZED_AUTOS = YES_AGGRESSIVE;
				GCC_WARN_UNUSED_FUNCTION = YES;
				GCC_WARN_UNUSED_VARIABLE = YES;
				IPHONEOS_DEPLOYMENT_TARGET = 12.4;
				MTL_ENABLE_DEBUG_INFO = NO;
				MTL_FAST_MATH = YES;
				SDKROOT = iphoneos;
				SWIFT_COMPILATION_MODE = wholemodule;
				SWIFT_OPTIMIZATION_LEVEL = "-O";
				VALIDATE_PRODUCT = YES;
			};
			name = Release;
		};
		5E9B210E22F9D27D003BF8AF /* Debug */ = {
			isa = XCBuildConfiguration;
			buildSettings = {
				ASSETCATALOG_COMPILER_APPICON_NAME = AppIcon;
				CODE_SIGN_STYLE = Automatic;
				INFOPLIST_FILE = "todo-list/Info.plist";
				LD_RUNPATH_SEARCH_PATHS = (
					"$(inherited)",
					"@executable_path/Frameworks",
				);
				PRODUCT_BUNDLE_IDENTIFIER = "com.nipe0324.todo-list";
				PRODUCT_NAME = "$(TARGET_NAME)";
				SWIFT_VERSION = 5.0;
				TARGETED_DEVICE_FAMILY = "1,2";
			};
			name = Debug;
		};
		5E9B210F22F9D27D003BF8AF /* Release */ = {
			isa = XCBuildConfiguration;
			buildSettings = {
				ASSETCATALOG_COMPILER_APPICON_NAME = AppIcon;
				CODE_SIGN_STYLE = Automatic;
				INFOPLIST_FILE = "todo-list/Info.plist";
				LD_RUNPATH_SEARCH_PATHS = (
					"$(inherited)",
					"@executable_path/Frameworks",
				);
				PRODUCT_BUNDLE_IDENTIFIER = "com.nipe0324.todo-list";
				PRODUCT_NAME = "$(TARGET_NAME)";
				SWIFT_VERSION = 5.0;
				TARGETED_DEVICE_FAMILY = "1,2";
			};
			name = Release;
		};
		5E9B211122F9D27D003BF8AF /* Debug */ = {
			isa = XCBuildConfiguration;
			buildSettings = {
				ALWAYS_EMBED_SWIFT_STANDARD_LIBRARIES = YES;
				BUNDLE_LOADER = "$(TEST_HOST)";
				CODE_SIGN_STYLE = Automatic;
				INFOPLIST_FILE = "todo-listTests/Info.plist";
				LD_RUNPATH_SEARCH_PATHS = (
					"$(inherited)",
					"@executable_path/Frameworks",
					"@loader_path/Frameworks",
				);
				PRODUCT_BUNDLE_IDENTIFIER = "com.nipe0324.todo-listTests";
				PRODUCT_NAME = "$(TARGET_NAME)";
				SWIFT_VERSION = 5.0;
				TARGETED_DEVICE_FAMILY = "1,2";
				TEST_HOST = "$(BUILT_PRODUCTS_DIR)/todo-list.app/todo-list";
			};
			name = Debug;
		};
		5E9B211222F9D27D003BF8AF /* Release */ = {
			isa = XCBuildConfiguration;
			buildSettings = {
				ALWAYS_EMBED_SWIFT_STANDARD_LIBRARIES = YES;
				BUNDLE_LOADER = "$(TEST_HOST)";
				CODE_SIGN_STYLE = Automatic;
				INFOPLIST_FILE = "todo-listTests/Info.plist";
				LD_RUNPATH_SEARCH_PATHS = (
					"$(inherited)",
					"@executable_path/Frameworks",
					"@loader_path/Frameworks",
				);
				PRODUCT_BUNDLE_IDENTIFIER = "com.nipe0324.todo-listTests";
				PRODUCT_NAME = "$(TARGET_NAME)";
				SWIFT_VERSION = 5.0;
				TARGETED_DEVICE_FAMILY = "1,2";
				TEST_HOST = "$(BUILT_PRODUCTS_DIR)/todo-list.app/todo-list";
			};
			name = Release;
		};
		5E9B211422F9D27D003BF8AF /* Debug */ = {
			isa = XCBuildConfiguration;
			buildSettings = {
				ALWAYS_EMBED_SWIFT_STANDARD_LIBRARIES = YES;
				CODE_SIGN_STYLE = Automatic;
				INFOPLIST_FILE = "todo-listUITests/Info.plist";
				LD_RUNPATH_SEARCH_PATHS = (
					"$(inherited)",
					"@executable_path/Frameworks",
					"@loader_path/Frameworks",
				);
				PRODUCT_BUNDLE_IDENTIFIER = "com.nipe0324.todo-listUITests";
				PRODUCT_NAME = "$(TARGET_NAME)";
				SWIFT_VERSION = 5.0;
				TARGETED_DEVICE_FAMILY = "1,2";
				TEST_TARGET_NAME = "todo-list";
			};
			name = Debug;
		};
		5E9B211522F9D27D003BF8AF /* Release */ = {
			isa = XCBuildConfiguration;
			buildSettings = {
				ALWAYS_EMBED_SWIFT_STANDARD_LIBRARIES = YES;
				CODE_SIGN_STYLE = Automatic;
				INFOPLIST_FILE = "todo-listUITests/Info.plist";
				LD_RUNPATH_SEARCH_PATHS = (
					"$(inherited)",
					"@executable_path/Frameworks",
					"@loader_path/Frameworks",
				);
				PRODUCT_BUNDLE_IDENTIFIER = "com.nipe0324.todo-listUITests";
				PRODUCT_NAME = "$(TARGET_NAME)";
				SWIFT_VERSION = 5.0;
				TARGETED_DEVICE_FAMILY = "1,2";
				TEST_TARGET_NAME = "todo-list";
			};
			name = Release;
		};
/* End XCBuildConfiguration section */

/* Begin XCConfigurationList section */
		5E9B20DE22F9D27C003BF8AF /* Build configuration list for PBXProject "todo-list" */ = {
			isa = XCConfigurationList;
			buildConfigurations = (
				5E9B210B22F9D27D003BF8AF /* Debug */,
				5E9B210C22F9D27D003BF8AF /* Release */,
			);
			defaultConfigurationIsVisible = 0;
			defaultConfigurationName = Release;
		};
		5E9B210D22F9D27D003BF8AF /* Build configuration list for PBXNativeTarget "todo-list" */ = {
			isa = XCConfigurationList;
			buildConfigurations = (
				5E9B210E22F9D27D003BF8AF /* Debug */,
				5E9B210F22F9D27D003BF8AF /* Release */,
			);
			defaultConfigurationIsVisible = 0;
			defaultConfigurationName = Release;
		};
		5E9B211022F9D27D003BF8AF /* Build configuration list for PBXNativeTarget "todo-listTests" */ = {
			isa = XCConfigurationList;
			buildConfigurations = (
				5E9B211122F9D27D003BF8AF /* Debug */,
				5E9B211222F9D27D003BF8AF /* Release */,
			);
			defaultConfigurationIsVisible = 0;
			defaultConfigurationName = Release;
		};
		5E9B211322F9D27D003BF8AF /* Build configuration list for PBXNativeTarget "todo-listUITests" */ = {
			isa = XCConfigurationList;
			buildConfigurations = (
				5E9B211422F9D27D003BF8AF /* Debug */,
				5E9B211522F9D27D003BF8AF /* Release */,
			);
			defaultConfigurationIsVisible = 0;
			defaultConfigurationName = Release;
		};
/* End XCConfigurationList section */
	};
	rootObject = 5E9B20DB22F9D27C003BF8AF /* Project object */;
}
