// !$*UTF8*$!
{
	archiveVersion = 1;
	classes = {
	};
	objectVersion = 50;
	objects = {

/* Begin PBXBuildFile section */
		5E9B20AD22F9D08E003BF8AF /* AppDelegate.swift in Sources */ = {isa = PBXBuildFile; fileRef = 5E9B20AC22F9D08E003BF8AF /* AppDelegate.swift */; };
		5E9B20AF22F9D08E003BF8AF /* ViewController.swift in Sources */ = {isa = PBXBuildFile; fileRef = 5E9B20AE22F9D08E003BF8AF /* ViewController.swift */; };
		5E9B20B222F9D08E003BF8AF /* Main.storyboard in Resources */ = {isa = PBXBuildFile; fileRef = 5E9B20B022F9D08E003BF8AF /* Main.storyboard */; };
		5E9B20B422F9D08F003BF8AF /* Assets.xcassets in Resources */ = {isa = PBXBuildFile; fileRef = 5E9B20B322F9D08F003BF8AF /* Assets.xcassets */; };
		5E9B20B722F9D08F003BF8AF /* LaunchScreen.storyboard in Resources */ = {isa = PBXBuildFile; fileRef = 5E9B20B522F9D08F003BF8AF /* LaunchScreen.storyboard */; };
		5E9B20C222F9D08F003BF8AF /* one_to_fiftyTests.swift in Sources */ = {isa = PBXBuildFile; fileRef = 5E9B20C122F9D08F003BF8AF /* one_to_fiftyTests.swift */; };
		5E9B20CD22F9D08F003BF8AF /* one_to_fiftyUITests.swift in Sources */ = {isa = PBXBuildFile; fileRef = 5E9B20CC22F9D08F003BF8AF /* one_to_fiftyUITests.swift */; };
/* End PBXBuildFile section */

/* Begin PBXContainerItemProxy section */
		5E9B20BE22F9D08F003BF8AF /* PBXContainerItemProxy */ = {
			isa = PBXContainerItemProxy;
			containerPortal = 5E9B20A122F9D08E003BF8AF /* Project object */;
			proxyType = 1;
			remoteGlobalIDString = 5E9B20A822F9D08E003BF8AF;
			remoteInfo = "one-to-fifty";
		};
		5E9B20C922F9D08F003BF8AF /* PBXContainerItemProxy */ = {
			isa = PBXContainerItemProxy;
			containerPortal = 5E9B20A122F9D08E003BF8AF /* Project object */;
			proxyType = 1;
			remoteGlobalIDString = 5E9B20A822F9D08E003BF8AF;
			remoteInfo = "one-to-fifty";
		};
/* End PBXContainerItemProxy section */

/* Begin PBXFileReference section */
		5E9B20A922F9D08E003BF8AF /* one-to-fifty.app */ = {isa = PBXFileReference; explicitFileType = wrapper.application; includeInIndex = 0; path = "one-to-fifty.app"; sourceTree = BUILT_PRODUCTS_DIR; };
		5E9B20AC22F9D08E003BF8AF /* AppDelegate.swift */ = {isa = PBXFileReference; lastKnownFileType = sourcecode.swift; path = AppDelegate.swift; sourceTree = "<group>"; };
		5E9B20AE22F9D08E003BF8AF /* ViewController.swift */ = {isa = PBXFileReference; lastKnownFileType = sourcecode.swift; path = ViewController.swift; sourceTree = "<group>"; };
		5E9B20B122F9D08E003BF8AF /* Base */ = {isa = PBXFileReference; lastKnownFileType = file.storyboard; name = Base; path = Base.lproj/Main.storyboard; sourceTree = "<group>"; };
		5E9B20B322F9D08F003BF8AF /* Assets.xcassets */ = {isa = PBXFileReference; lastKnownFileType = folder.assetcatalog; path = Assets.xcassets; sourceTree = "<group>"; };
		5E9B20B622F9D08F003BF8AF /* Base */ = {isa = PBXFileReference; lastKnownFileType = file.storyboard; name = Base; path = Base.lproj/LaunchScreen.storyboard; sourceTree = "<group>"; };
		5E9B20B822F9D08F003BF8AF /* Info.plist */ = {isa = PBXFileReference; lastKnownFileType = text.plist.xml; path = Info.plist; sourceTree = "<group>"; };
		5E9B20BD22F9D08F003BF8AF /* one-to-fiftyTests.xctest */ = {isa = PBXFileReference; explicitFileType = wrapper.cfbundle; includeInIndex = 0; path = "one-to-fiftyTests.xctest"; sourceTree = BUILT_PRODUCTS_DIR; };
		5E9B20C122F9D08F003BF8AF /* one_to_fiftyTests.swift */ = {isa = PBXFileReference; lastKnownFileType = sourcecode.swift; path = one_to_fiftyTests.swift; sourceTree = "<group>"; };
		5E9B20C322F9D08F003BF8AF /* Info.plist */ = {isa = PBXFileReference; lastKnownFileType = text.plist.xml; path = Info.plist; sourceTree = "<group>"; };
		5E9B20C822F9D08F003BF8AF /* one-to-fiftyUITests.xctest */ = {isa = PBXFileReference; explicitFileType = wrapper.cfbundle; includeInIndex = 0; path = "one-to-fiftyUITests.xctest"; sourceTree = BUILT_PRODUCTS_DIR; };
		5E9B20CC22F9D08F003BF8AF /* one_to_fiftyUITests.swift */ = {isa = PBXFileReference; lastKnownFileType = sourcecode.swift; path = one_to_fiftyUITests.swift; sourceTree = "<group>"; };
		5E9B20CE22F9D08F003BF8AF /* Info.plist */ = {isa = PBXFileReference; lastKnownFileType = text.plist.xml; path = Info.plist; sourceTree = "<group>"; };
/* End PBXFileReference section */

/* Begin PBXFrameworksBuildPhase section */
		5E9B20A622F9D08E003BF8AF /* Frameworks */ = {
			isa = PBXFrameworksBuildPhase;
			buildActionMask = 2147483647;
			files = (
			);
			runOnlyForDeploymentPostprocessing = 0;
		};
		5E9B20BA22F9D08F003BF8AF /* Frameworks */ = {
			isa = PBXFrameworksBuildPhase;
			buildActionMask = 2147483647;
			files = (
			);
			runOnlyForDeploymentPostprocessing = 0;
		};
		5E9B20C522F9D08F003BF8AF /* Frameworks */ = {
			isa = PBXFrameworksBuildPhase;
			buildActionMask = 2147483647;
			files = (
			);
			runOnlyForDeploymentPostprocessing = 0;
		};
/* End PBXFrameworksBuildPhase section */

/* Begin PBXGroup section */
		5E9B20A022F9D08E003BF8AF = {
			isa = PBXGroup;
			children = (
				5E9B20AB22F9D08E003BF8AF /* one-to-fifty */,
				5E9B20C022F9D08F003BF8AF /* one-to-fiftyTests */,
				5E9B20CB22F9D08F003BF8AF /* one-to-fiftyUITests */,
				5E9B20AA22F9D08E003BF8AF /* Products */,
			);
			sourceTree = "<group>";
		};
		5E9B20AA22F9D08E003BF8AF /* Products */ = {
			isa = PBXGroup;
			children = (
				5E9B20A922F9D08E003BF8AF /* one-to-fifty.app */,
				5E9B20BD22F9D08F003BF8AF /* one-to-fiftyTests.xctest */,
				5E9B20C822F9D08F003BF8AF /* one-to-fiftyUITests.xctest */,
			);
			name = Products;
			sourceTree = "<group>";
		};
		5E9B20AB22F9D08E003BF8AF /* one-to-fifty */ = {
			isa = PBXGroup;
			children = (
				5E9B20AC22F9D08E003BF8AF /* AppDelegate.swift */,
				5E9B20AE22F9D08E003BF8AF /* ViewController.swift */,
				5E9B20B022F9D08E003BF8AF /* Main.storyboard */,
				5E9B20B322F9D08F003BF8AF /* Assets.xcassets */,
				5E9B20B522F9D08F003BF8AF /* LaunchScreen.storyboard */,
				5E9B20B822F9D08F003BF8AF /* Info.plist */,
			);
			path = "one-to-fifty";
			sourceTree = "<group>";
		};
		5E9B20C022F9D08F003BF8AF /* one-to-fiftyTests */ = {
			isa = PBXGroup;
			children = (
				5E9B20C122F9D08F003BF8AF /* one_to_fiftyTests.swift */,
				5E9B20C322F9D08F003BF8AF /* Info.plist */,
			);
			path = "one-to-fiftyTests";
			sourceTree = "<group>";
		};
		5E9B20CB22F9D08F003BF8AF /* one-to-fiftyUITests */ = {
			isa = PBXGroup;
			children = (
				5E9B20CC22F9D08F003BF8AF /* one_to_fiftyUITests.swift */,
				5E9B20CE22F9D08F003BF8AF /* Info.plist */,
			);
			path = "one-to-fiftyUITests";
			sourceTree = "<group>";
		};
/* End PBXGroup section */

/* Begin PBXNativeTarget section */
		5E9B20A822F9D08E003BF8AF /* one-to-fifty */ = {
			isa = PBXNativeTarget;
			buildConfigurationList = 5E9B20D122F9D08F003BF8AF /* Build configuration list for PBXNativeTarget "one-to-fifty" */;
			buildPhases = (
				5E9B20A522F9D08E003BF8AF /* Sources */,
				5E9B20A622F9D08E003BF8AF /* Frameworks */,
				5E9B20A722F9D08E003BF8AF /* Resources */,
			);
			buildRules = (
			);
			dependencies = (
			);
			name = "one-to-fifty";
			productName = "one-to-fifty";
			productReference = 5E9B20A922F9D08E003BF8AF /* one-to-fifty.app */;
			productType = "com.apple.product-type.application";
		};
		5E9B20BC22F9D08F003BF8AF /* one-to-fiftyTests */ = {
			isa = PBXNativeTarget;
			buildConfigurationList = 5E9B20D422F9D08F003BF8AF /* Build configuration list for PBXNativeTarget "one-to-fiftyTests" */;
			buildPhases = (
				5E9B20B922F9D08F003BF8AF /* Sources */,
				5E9B20BA22F9D08F003BF8AF /* Frameworks */,
				5E9B20BB22F9D08F003BF8AF /* Resources */,
			);
			buildRules = (
			);
			dependencies = (
				5E9B20BF22F9D08F003BF8AF /* PBXTargetDependency */,
			);
			name = "one-to-fiftyTests";
			productName = "one-to-fiftyTests";
			productReference = 5E9B20BD22F9D08F003BF8AF /* one-to-fiftyTests.xctest */;
			productType = "com.apple.product-type.bundle.unit-test";
		};
		5E9B20C722F9D08F003BF8AF /* one-to-fiftyUITests */ = {
			isa = PBXNativeTarget;
			buildConfigurationList = 5E9B20D722F9D08F003BF8AF /* Build configuration list for PBXNativeTarget "one-to-fiftyUITests" */;
			buildPhases = (
				5E9B20C422F9D08F003BF8AF /* Sources */,
				5E9B20C522F9D08F003BF8AF /* Frameworks */,
				5E9B20C622F9D08F003BF8AF /* Resources */,
			);
			buildRules = (
			);
			dependencies = (
				5E9B20CA22F9D08F003BF8AF /* PBXTargetDependency */,
			);
			name = "one-to-fiftyUITests";
			productName = "one-to-fiftyUITests";
			productReference = 5E9B20C822F9D08F003BF8AF /* one-to-fiftyUITests.xctest */;
			productType = "com.apple.product-type.bundle.ui-testing";
		};
/* End PBXNativeTarget section */

/* Begin PBXProject section */
		5E9B20A122F9D08E003BF8AF /* Project object */ = {
			isa = PBXProject;
			attributes = {
				LastSwiftUpdateCheck = 1030;
				LastUpgradeCheck = 1030;
				ORGANIZATIONNAME = nipe0324;
				TargetAttributes = {
					5E9B20A822F9D08E003BF8AF = {
						CreatedOnToolsVersion = 10.3;
					};
					5E9B20BC22F9D08F003BF8AF = {
						CreatedOnToolsVersion = 10.3;
						TestTargetID = 5E9B20A822F9D08E003BF8AF;
					};
					5E9B20C722F9D08F003BF8AF = {
						CreatedOnToolsVersion = 10.3;
						TestTargetID = 5E9B20A822F9D08E003BF8AF;
					};
				};
			};
			buildConfigurationList = 5E9B20A422F9D08E003BF8AF /* Build configuration list for PBXProject "one-to-fifty" */;
			compatibilityVersion = "Xcode 9.3";
			developmentRegion = en;
			hasScannedForEncodings = 0;
			knownRegions = (
				en,
				Base,
			);
			mainGroup = 5E9B20A022F9D08E003BF8AF;
			productRefGroup = 5E9B20AA22F9D08E003BF8AF /* Products */;
			projectDirPath = "";
			projectRoot = "";
			targets = (
				5E9B20A822F9D08E003BF8AF /* one-to-fifty */,
				5E9B20BC22F9D08F003BF8AF /* one-to-fiftyTests */,
				5E9B20C722F9D08F003BF8AF /* one-to-fiftyUITests */,
			);
		};
/* End PBXProject section */

/* Begin PBXResourcesBuildPhase section */
		5E9B20A722F9D08E003BF8AF /* Resources */ = {
			isa = PBXResourcesBuildPhase;
			buildActionMask = 2147483647;
			files = (
				5E9B20B722F9D08F003BF8AF /* LaunchScreen.storyboard in Resources */,
				5E9B20B422F9D08F003BF8AF /* Assets.xcassets in Resources */,
				5E9B20B222F9D08E003BF8AF /* Main.storyboard in Resources */,
			);
			runOnlyForDeploymentPostprocessing = 0;
		};
		5E9B20BB22F9D08F003BF8AF /* Resources */ = {
			isa = PBXResourcesBuildPhase;
			buildActionMask = 2147483647;
			files = (
			);
			runOnlyForDeploymentPostprocessing = 0;
		};
		5E9B20C622F9D08F003BF8AF /* Resources */ = {
			isa = PBXResourcesBuildPhase;
			buildActionMask = 2147483647;
			files = (
			);
			runOnlyForDeploymentPostprocessing = 0;
		};
/* End PBXResourcesBuildPhase section */

/* Begin PBXSourcesBuildPhase section */
		5E9B20A522F9D08E003BF8AF /* Sources */ = {
			isa = PBXSourcesBuildPhase;
			buildActionMask = 2147483647;
			files = (
				5E9B20AF22F9D08E003BF8AF /* ViewController.swift in Sources */,
				5E9B20AD22F9D08E003BF8AF /* AppDelegate.swift in Sources */,
			);
			runOnlyForDeploymentPostprocessing = 0;
		};
		5E9B20B922F9D08F003BF8AF /* Sources */ = {
			isa = PBXSourcesBuildPhase;
			buildActionMask = 2147483647;
			files = (
				5E9B20C222F9D08F003BF8AF /* one_to_fiftyTests.swift in Sources */,
			);
			runOnlyForDeploymentPostprocessing = 0;
		};
		5E9B20C422F9D08F003BF8AF /* Sources */ = {
			isa = PBXSourcesBuildPhase;
			buildActionMask = 2147483647;
			files = (
				5E9B20CD22F9D08F003BF8AF /* one_to_fiftyUITests.swift in Sources */,
			);
			runOnlyForDeploymentPostprocessing = 0;
		};
/* End PBXSourcesBuildPhase section */

/* Begin PBXTargetDependency section */
		5E9B20BF22F9D08F003BF8AF /* PBXTargetDependency */ = {
			isa = PBXTargetDependency;
			target = 5E9B20A822F9D08E003BF8AF /* one-to-fifty */;
			targetProxy = 5E9B20BE22F9D08F003BF8AF /* PBXContainerItemProxy */;
		};
		5E9B20CA22F9D08F003BF8AF /* PBXTargetDependency */ = {
			isa = PBXTargetDependency;
			target = 5E9B20A822F9D08E003BF8AF /* one-to-fifty */;
			targetProxy = 5E9B20C922F9D08F003BF8AF /* PBXContainerItemProxy */;
		};
/* End PBXTargetDependency section */

/* Begin PBXVariantGroup section */
		5E9B20B022F9D08E003BF8AF /* Main.storyboard */ = {
			isa = PBXVariantGroup;
			children = (
				5E9B20B122F9D08E003BF8AF /* Base */,
			);
			name = Main.storyboard;
			sourceTree = "<group>";
		};
		5E9B20B522F9D08F003BF8AF /* LaunchScreen.storyboard */ = {
			isa = PBXVariantGroup;
			children = (
				5E9B20B622F9D08F003BF8AF /* Base */,
			);
			name = LaunchScreen.storyboard;
			sourceTree = "<group>";
		};
/* End PBXVariantGroup section */

/* Begin XCBuildConfiguration section */
		5E9B20CF22F9D08F003BF8AF /* Debug */ = {
			isa = XCBuildConfiguration;
			buildSettings = {
				ALWAYS_SEARCH_USER_PATHS = NO;
				CLANG_ANALYZER_NONNULL = YES;
				CLANG_ANALYZER_NUMBER_OBJECT_CONVERSION = YES_AGGRESSIVE;
				CLANG_CXX_LANGUAGE_STANDARD = "gnu++14";
				CLANG_CXX_LIBRARY = "libc++";
				CLANG_ENABLE_MODULES = YES;
				CLANG_ENABLE_OBJC_ARC = YES;
				CLANG_ENABLE_OBJC_WEAK = YES;
				CLANG_WARN_BLOCK_CAPTURE_AUTORELEASING = YES;
				CLANG_WARN_BOOL_CONVERSION = YES;
				CLANG_WARN_COMMA = YES;
				CLANG_WARN_CONSTANT_CONVERSION = YES;
				CLANG_WARN_DEPRECATED_OBJC_IMPLEMENTATIONS = YES;
				CLANG_WARN_DIRECT_OBJC_ISA_USAGE = YES_ERROR;
				CLANG_WARN_DOCUMENTATION_COMMENTS = YES;
				CLANG_WARN_EMPTY_BODY = YES;
				CLANG_WARN_ENUM_CONVERSION = YES;
				CLANG_WARN_INFINITE_RECURSION = YES;
				CLANG_WARN_INT_CONVERSION = YES;
				CLANG_WARN_NON_LITERAL_NULL_CONVERSION = YES;
				CLANG_WARN_OBJC_IMPLICIT_RETAIN_SELF = YES;
				CLANG_WARN_OBJC_LITERAL_CONVERSION = YES;
				CLANG_WARN_OBJC_ROOT_CLASS = YES_ERROR;
				CLANG_WARN_RANGE_LOOP_ANALYSIS = YES;
				CLANG_WARN_STRICT_PROTOTYPES = YES;
				CLANG_WARN_SUSPICIOUS_MOVE = YES;
				CLANG_WARN_UNGUARDED_AVAILABILITY = YES_AGGRESSIVE;
				CLANG_WARN_UNREACHABLE_CODE = YES;
				CLANG_WARN__DUPLICATE_METHOD_MATCH = YES;
				CODE_SIGN_IDENTITY = "iPhone Developer";
				COPY_PHASE_STRIP = NO;
				DEBUG_INFORMATION_FORMAT = dwarf;
				ENABLE_STRICT_OBJC_MSGSEND = YES;
				ENABLE_TESTABILITY = YES;
				GCC_C_LANGUAGE_STANDARD = gnu11;
				GCC_DYNAMIC_NO_PIC = NO;
				GCC_NO_COMMON_BLOCKS = YES;
				GCC_OPTIMIZATION_LEVEL = 0;
				GCC_PREPROCESSOR_DEFINITIONS = (
					"DEBUG=1",
					"$(inherited)",
				);
				GCC_WARN_64_TO_32_BIT_CONVERSION = YES;
				GCC_WARN_ABOUT_RETURN_TYPE = YES_ERROR;
				GCC_WARN_UNDECLARED_SELECTOR = YES;
				GCC_WARN_UNINITIALIZED_AUTOS = YES_AGGRESSIVE;
				GCC_WARN_UNUSED_FUNCTION = YES;
				GCC_WARN_UNUSED_VARIABLE = YES;
				IPHONEOS_DEPLOYMENT_TARGET = 12.4;
				MTL_ENABLE_DEBUG_INFO = INCLUDE_SOURCE;
				MTL_FAST_MATH = YES;
				ONLY_ACTIVE_ARCH = YES;
				SDKROOT = iphoneos;
				SWIFT_ACTIVE_COMPILATION_CONDITIONS = DEBUG;
				SWIFT_OPTIMIZATION_LEVEL = "-Onone";
			};
			name = Debug;
		};
		5E9B20D022F9D08F003BF8AF /* Release */ = {
			isa = XCBuildConfiguration;
			buildSettings = {
				ALWAYS_SEARCH_USER_PATHS = NO;
				CLANG_ANALYZER_NONNULL = YES;
				CLANG_ANALYZER_NUMBER_OBJECT_CONVERSION = YES_AGGRESSIVE;
				CLANG_CXX_LANGUAGE_STANDARD = "gnu++14";
				CLANG_CXX_LIBRARY = "libc++";
				CLANG_ENABLE_MODULES = YES;
				CLANG_ENABLE_OBJC_ARC = YES;
				CLANG_ENABLE_OBJC_WEAK = YES;
				CLANG_WARN_BLOCK_CAPTURE_AUTORELEASING = YES;
				CLANG_WARN_BOOL_CONVERSION = YES;
				CLANG_WARN_COMMA = YES;
				CLANG_WARN_CONSTANT_CONVERSION = YES;
				CLANG_WARN_DEPRECATED_OBJC_IMPLEMENTATIONS = YES;
				CLANG_WARN_DIRECT_OBJC_ISA_USAGE = YES_ERROR;
				CLANG_WARN_DOCUMENTATION_COMMENTS = YES;
				CLANG_WARN_EMPTY_BODY = YES;
				CLANG_WARN_ENUM_CONVERSION = YES;
				CLANG_WARN_INFINITE_RECURSION = YES;
				CLANG_WARN_INT_CONVERSION = YES;
				CLANG_WARN_NON_LITERAL_NULL_CONVERSION = YES;
				CLANG_WARN_OBJC_IMPLICIT_RETAIN_SELF = YES;
				CLANG_WARN_OBJC_LITERAL_CONVERSION = YES;
				CLANG_WARN_OBJC_ROOT_CLASS = YES_ERROR;
				CLANG_WARN_RANGE_LOOP_ANALYSIS = YES;
				CLANG_WARN_STRICT_PROTOTYPES = YES;
				CLANG_WARN_SUSPICIOUS_MOVE = YES;
				CLANG_WARN_UNGUARDED_AVAILABILITY = YES_AGGRESSIVE;
				CLANG_WARN_UNREACHABLE_CODE = YES;
				CLANG_WARN__DUPLICATE_METHOD_MATCH = YES;
				CODE_SIGN_IDENTITY = "iPhone Developer";
				COPY_PHASE_STRIP = NO;
				DEBUG_INFORMATION_FORMAT = "dwarf-with-dsym";
				ENABLE_NS_ASSERTIONS = NO;
				ENABLE_STRICT_OBJC_MSGSEND = YES;
				GCC_C_LANGUAGE_STANDARD = gnu11;
				GCC_NO_COMMON_BLOCKS = YES;
				GCC_WARN_64_TO_32_BIT_CONVERSION = YES;
				GCC_WARN_ABOUT_RETURN_TYPE = YES_ERROR;
				GCC_WARN_UNDECLARED_SELECTOR = YES;
				GCC_WARN_UNINITIALIZED_AUTOS = YES_AGGRESSIVE;
				GCC_WARN_UNUSED_FUNCTION = YES;
				GCC_WARN_UNUSED_VARIABLE = YES;
				IPHONEOS_DEPLOYMENT_TARGET = 12.4;
				MTL_ENABLE_DEBUG_INFO = NO;
				MTL_FAST_MATH = YES;
				SDKROOT = iphoneos;
				SWIFT_COMPILATION_MODE = wholemodule;
				SWIFT_OPTIMIZATION_LEVEL = "-O";
				VALIDATE_PRODUCT = YES;
			};
			name = Release;
		};
		5E9B20D222F9D08F003BF8AF /* Debug */ = {
			isa = XCBuildConfiguration;
			buildSettings = {
				ASSETCATALOG_COMPILER_APPICON_NAME = AppIcon;
				CODE_SIGN_STYLE = Automatic;
				INFOPLIST_FILE = "one-to-fifty/Info.plist";
				LD_RUNPATH_SEARCH_PATHS = (
					"$(inherited)",
					"@executable_path/Frameworks",
				);
				PRODUCT_BUNDLE_IDENTIFIER = "com.nipe0324.one-to-fifty";
				PRODUCT_NAME = "$(TARGET_NAME)";
				SWIFT_VERSION = 5.0;
				TARGETED_DEVICE_FAMILY = "1,2";
			};
			name = Debug;
		};
		5E9B20D322F9D08F003BF8AF /* Release */ = {
			isa = XCBuildConfiguration;
			buildSettings = {
				ASSETCATALOG_COMPILER_APPICON_NAME = AppIcon;
				CODE_SIGN_STYLE = Automatic;
				INFOPLIST_FILE = "one-to-fifty/Info.plist";
				LD_RUNPATH_SEARCH_PATHS = (
					"$(inherited)",
					"@executable_path/Frameworks",
				);
				PRODUCT_BUNDLE_IDENTIFIER = "com.nipe0324.one-to-fifty";
				PRODUCT_NAME = "$(TARGET_NAME)";
				SWIFT_VERSION = 5.0;
				TARGETED_DEVICE_FAMILY = "1,2";
			};
			name = Release;
		};
		5E9B20D522F9D08F003BF8AF /* Debug */ = {
			isa = XCBuildConfiguration;
			buildSettings = {
				ALWAYS_EMBED_SWIFT_STANDARD_LIBRARIES = YES;
				BUNDLE_LOADER = "$(TEST_HOST)";
				CODE_SIGN_STYLE = Automatic;
				INFOPLIST_FILE = "one-to-fiftyTests/Info.plist";
				LD_RUNPATH_SEARCH_PATHS = (
					"$(inherited)",
					"@executable_path/Frameworks",
					"@loader_path/Frameworks",
				);
				PRODUCT_BUNDLE_IDENTIFIER = "com.nipe0324.one-to-fiftyTests";
				PRODUCT_NAME = "$(TARGET_NAME)";
				SWIFT_VERSION = 5.0;
				TARGETED_DEVICE_FAMILY = "1,2";
				TEST_HOST = "$(BUILT_PRODUCTS_DIR)/one-to-fifty.app/one-to-fifty";
			};
			name = Debug;
		};
		5E9B20D622F9D08F003BF8AF /* Release */ = {
			isa = XCBuildConfiguration;
			buildSettings = {
				ALWAYS_EMBED_SWIFT_STANDARD_LIBRARIES = YES;
				BUNDLE_LOADER = "$(TEST_HOST)";
				CODE_SIGN_STYLE = Automatic;
				INFOPLIST_FILE = "one-to-fiftyTests/Info.plist";
				LD_RUNPATH_SEARCH_PATHS = (
					"$(inherited)",
					"@executable_path/Frameworks",
					"@loader_path/Frameworks",
				);
				PRODUCT_BUNDLE_IDENTIFIER = "com.nipe0324.one-to-fiftyTests";
				PRODUCT_NAME = "$(TARGET_NAME)";
				SWIFT_VERSION = 5.0;
				TARGETED_DEVICE_FAMILY = "1,2";
				TEST_HOST = "$(BUILT_PRODUCTS_DIR)/one-to-fifty.app/one-to-fifty";
			};
			name = Release;
		};
		5E9B20D822F9D08F003BF8AF /* Debug */ = {
			isa = XCBuildConfiguration;
			buildSettings = {
				ALWAYS_EMBED_SWIFT_STANDARD_LIBRARIES = YES;
				CODE_SIGN_STYLE = Automatic;
				INFOPLIST_FILE = "one-to-fiftyUITests/Info.plist";
				LD_RUNPATH_SEARCH_PATHS = (
					"$(inherited)",
					"@executable_path/Frameworks",
					"@loader_path/Frameworks",
				);
				PRODUCT_BUNDLE_IDENTIFIER = "com.nipe0324.one-to-fiftyUITests";
				PRODUCT_NAME = "$(TARGET_NAME)";
				SWIFT_VERSION = 5.0;
				TARGETED_DEVICE_FAMILY = "1,2";
				TEST_TARGET_NAME = "one-to-fifty";
			};
			name = Debug;
		};
		5E9B20D922F9D08F003BF8AF /* Release */ = {
			isa = XCBuildConfiguration;
			buildSettings = {
				ALWAYS_EMBED_SWIFT_STANDARD_LIBRARIES = YES;
				CODE_SIGN_STYLE = Automatic;
				INFOPLIST_FILE = "one-to-fiftyUITests/Info.plist";
				LD_RUNPATH_SEARCH_PATHS = (
					"$(inherited)",
					"@executable_path/Frameworks",
					"@loader_path/Frameworks",
				);
				PRODUCT_BUNDLE_IDENTIFIER = "com.nipe0324.one-to-fiftyUITests";
				PRODUCT_NAME = "$(TARGET_NAME)";
				SWIFT_VERSION = 5.0;
				TARGETED_DEVICE_FAMILY = "1,2";
				TEST_TARGET_NAME = "one-to-fifty";
			};
			name = Release;
		};
/* End XCBuildConfiguration section */

/* Begin XCConfigurationList section */
		5E9B20A422F9D08E003BF8AF /* Build configuration list for PBXProject "one-to-fifty" */ = {
			isa = XCConfigurationList;
			buildConfigurations = (
				5E9B20CF22F9D08F003BF8AF /* Debug */,
				5E9B20D022F9D08F003BF8AF /* Release */,
			);
			defaultConfigurationIsVisible = 0;
			defaultConfigurationName = Release;
		};
		5E9B20D122F9D08F003BF8AF /* Build configuration list for PBXNativeTarget "one-to-fifty" */ = {
			isa = XCConfigurationList;
			buildConfigurations = (
				5E9B20D222F9D08F003BF8AF /* Debug */,
				5E9B20D322F9D08F003BF8AF /* Release */,
			);
			defaultConfigurationIsVisible = 0;
			defaultConfigurationName = Release;
		};
		5E9B20D422F9D08F003BF8AF /* Build configuration list for PBXNativeTarget "one-to-fiftyTests" */ = {
			isa = XCConfigurationList;
			buildConfigurations = (
				5E9B20D522F9D08F003BF8AF /* Debug */,
				5E9B20D622F9D08F003BF8AF /* Release */,
			);
			defaultConfigurationIsVisible = 0;
			defaultConfigurationName = Release;
		};
		5E9B20D722F9D08F003BF8AF /* Build configuration list for PBXNativeTarget "one-to-fiftyUITests" */ = {
			isa = XCConfigurationList;
			buildConfigurations = (
				5E9B20D822F9D08F003BF8AF /* Debug */,
				5E9B20D922F9D08F003BF8AF /* Release */,
			);
			defaultConfigurationIsVisible = 0;
			defaultConfigurationName = Release;
		};
/* End XCConfigurationList section */
	};
	rootObject = 5E9B20A122F9D08E003BF8AF /* Project object */;
}
